
Microsoft Visual Studio Solution File, Format Version 12.00
# Visual Studio Version 17
VisualStudioVersion = 17.2.32526.322
MinimumVisualStudioVersion = 10.0.40219.1
Project("{9A19103F-16F7-4668-BE54-9A1E7A4F7556}") = "HActLib", "HActLib.csproj", "{8D5B29EC-E0F6-49A8-9F50-02F836157D48}"
EndProject
Project("{9A19103F-16F7-4668-BE54-9A1E7A4F7556}") = "CMNEdit", "Projects\CMNEdit\CMNEdit.csproj", "{B7267A4C-463C-4FF3-B6B0-9A233AA4A6AE}"
EndProject
Project("{9A19103F-16F7-4668-BE54-9A1E7A4F7556}") = "HActBridge", "Projects\HActBridge\HActBridge.csproj", "{43A63CED-841E-48E3-910B-B29F4E1201E7}"
EndProject
Project("{9A19103F-16F7-4668-BE54-9A1E7A4F7556}") = "Ryuse Ga Gotoku", "Projects\Ryuse Ga Gotoku\Ryuse Ga Gotoku.csproj", "{30E6838F-089E-47B6-9082-4862E131A55B}"
EndProject
Project("{9A19103F-16F7-4668-BE54-9A1E7A4F7556}") = "HActLib Unit Tests", "Projects\HActLib Unit Tests\HActLib Unit Tests.csproj", "{DF23BD1F-FD3D-4BC2-9053-B42B5EED2121}"
EndProject
Project("{2150E333-8FDC-42A3-9474-1A3956D46DE8}") = "Solution Items", "Solution Items", "{6E6E181F-C601-42C6-A7EF-3A21E49D46C5}"
	ProjectSection(SolutionItems) = preProject
		.editorconfig = .editorconfig
	EndProjectSection
EndProject
Project("{9A19103F-16F7-4668-BE54-9A1E7A4F7556}") = "FrameProgression", "Projects\FrameProgression\FrameProgression.csproj", "{3690C214-5AFF-4B49-BB46-0AB58EE3BBF1}"
EndProject
Project("{9A19103F-16F7-4668-BE54-9A1E7A4F7556}") = "HActScout", "Projects\HActScout\HActScout.csproj", "{2AC7EB2A-E9F2-4F49-91B7-0EF42829260C}"
EndProject
Project("{9A19103F-16F7-4668-BE54-9A1E7A4F7556}") = "Frame Progression GUI", "Projects\Frame Progression GUI\Frame Progression GUI.csproj", "{3E52F9DC-B498-451A-AA7B-07C40E01FD1D}"
EndProject
Project("{9A19103F-16F7-4668-BE54-9A1E7A4F7556}") = "HActMerge", "Projects\HActMerge\HActMerge.csproj", "{23F83390-C269-44D1-BD7B-F34AC69190B3}"
EndProject
Project("{9A19103F-16F7-4668-BE54-9A1E7A4F7556}") = "TevView", "Projects\TevView\TevView.csproj", "{7A147D13-D63D-4670-BF37-4736F2E10ADC}"
EndProject
Global
	GlobalSection(SolutionConfigurationPlatforms) = preSolution
		Debug|Any CPU = Debug|Any CPU
		Debug|x64 = Debug|x64
		Debug2|Any CPU = Debug2|Any CPU
		Debug2|x64 = Debug2|x64
		Release|Any CPU = Release|Any CPU
		Release|x64 = Release|x64
	EndGlobalSection
	GlobalSection(ProjectConfigurationPlatforms) = postSolution
		{8D5B29EC-E0F6-49A8-9F50-02F836157D48}.Debug|Any CPU.ActiveCfg = Debug|Any CPU
		{8D5B29EC-E0F6-49A8-9F50-02F836157D48}.Debug|Any CPU.Build.0 = Debug|Any CPU
		{8D5B29EC-E0F6-49A8-9F50-02F836157D48}.Debug|x64.ActiveCfg = Debug|x64
		{8D5B29EC-E0F6-49A8-9F50-02F836157D48}.Debug|x64.Build.0 = Debug|x64
		{8D5B29EC-E0F6-49A8-9F50-02F836157D48}.Debug2|Any CPU.ActiveCfg = Debug|Any CPU
		{8D5B29EC-E0F6-49A8-9F50-02F836157D48}.Debug2|Any CPU.Build.0 = Debug|Any CPU
		{8D5B29EC-E0F6-49A8-9F50-02F836157D48}.Debug2|x64.ActiveCfg = Debug|Any CPU
		{8D5B29EC-E0F6-49A8-9F50-02F836157D48}.Debug2|x64.Build.0 = Debug|Any CPU
		{8D5B29EC-E0F6-49A8-9F50-02F836157D48}.Release|Any CPU.ActiveCfg = Release|Any CPU
		{8D5B29EC-E0F6-49A8-9F50-02F836157D48}.Release|Any CPU.Build.0 = Release|Any CPU
		{8D5B29EC-E0F6-49A8-9F50-02F836157D48}.Release|x64.ActiveCfg = Release|Any CPU
		{8D5B29EC-E0F6-49A8-9F50-02F836157D48}.Release|x64.Build.0 = Release|Any CPU
		{B7267A4C-463C-4FF3-B6B0-9A233AA4A6AE}.Debug|Any CPU.ActiveCfg = Debug|Any CPU
		{B7267A4C-463C-4FF3-B6B0-9A233AA4A6AE}.Debug|Any CPU.Build.0 = Debug|Any CPU
		{B7267A4C-463C-4FF3-B6B0-9A233AA4A6AE}.Debug|x64.ActiveCfg = Debug|x64
		{B7267A4C-463C-4FF3-B6B0-9A233AA4A6AE}.Debug|x64.Build.0 = Debug|x64
		{B7267A4C-463C-4FF3-B6B0-9A233AA4A6AE}.Debug2|Any CPU.ActiveCfg = Debug|Any CPU
		{B7267A4C-463C-4FF3-B6B0-9A233AA4A6AE}.Debug2|Any CPU.Build.0 = Debug|Any CPU
		{B7267A4C-463C-4FF3-B6B0-9A233AA4A6AE}.Debug2|x64.ActiveCfg = Debug|Any CPU
		{B7267A4C-463C-4FF3-B6B0-9A233AA4A6AE}.Debug2|x64.Build.0 = Debug|Any CPU
		{B7267A4C-463C-4FF3-B6B0-9A233AA4A6AE}.Release|Any CPU.ActiveCfg = Release|Any CPU
		{B7267A4C-463C-4FF3-B6B0-9A233AA4A6AE}.Release|Any CPU.Build.0 = Release|Any CPU
		{B7267A4C-463C-4FF3-B6B0-9A233AA4A6AE}.Release|x64.ActiveCfg = Release|x64
		{B7267A4C-463C-4FF3-B6B0-9A233AA4A6AE}.Release|x64.Build.0 = Release|x64
		{43A63CED-841E-48E3-910B-B29F4E1201E7}.Debug|Any CPU.ActiveCfg = Debug|Any CPU
		{43A63CED-841E-48E3-910B-B29F4E1201E7}.Debug|Any CPU.Build.0 = Debug|Any CPU
		{43A63CED-841E-48E3-910B-B29F4E1201E7}.Debug|x64.ActiveCfg = Debug|x64
		{43A63CED-841E-48E3-910B-B29F4E1201E7}.Debug|x64.Build.0 = Debug|x64
		{43A63CED-841E-48E3-910B-B29F4E1201E7}.Debug2|Any CPU.ActiveCfg = Debug2|Any CPU
		{43A63CED-841E-48E3-910B-B29F4E1201E7}.Debug2|Any CPU.Build.0 = Debug2|Any CPU
		{43A63CED-841E-48E3-910B-B29F4E1201E7}.Debug2|x64.ActiveCfg = Debug2|x64
		{43A63CED-841E-48E3-910B-B29F4E1201E7}.Debug2|x64.Build.0 = Debug2|x64
		{43A63CED-841E-48E3-910B-B29F4E1201E7}.Release|Any CPU.ActiveCfg = Release|Any CPU
		{43A63CED-841E-48E3-910B-B29F4E1201E7}.Release|Any CPU.Build.0 = Release|Any CPU
		{43A63CED-841E-48E3-910B-B29F4E1201E7}.Release|x64.ActiveCfg = Release|x64
		{43A63CED-841E-48E3-910B-B29F4E1201E7}.Release|x64.Build.0 = Release|x64
		{30E6838F-089E-47B6-9082-4862E131A55B}.Debug|Any CPU.ActiveCfg = Debug|Any CPU
		{30E6838F-089E-47B6-9082-4862E131A55B}.Debug|Any CPU.Build.0 = Debug|Any CPU
		{30E6838F-089E-47B6-9082-4862E131A55B}.Debug|x64.ActiveCfg = Debug|x64
		{30E6838F-089E-47B6-9082-4862E131A55B}.Debug|x64.Build.0 = Debug|x64
		{30E6838F-089E-47B6-9082-4862E131A55B}.Debug2|Any CPU.ActiveCfg = Debug2|Any CPU
		{30E6838F-089E-47B6-9082-4862E131A55B}.Debug2|Any CPU.Build.0 = Debug2|Any CPU
		{30E6838F-089E-47B6-9082-4862E131A55B}.Debug2|x64.ActiveCfg = Debug2|x64
		{30E6838F-089E-47B6-9082-4862E131A55B}.Debug2|x64.Build.0 = Debug2|x64
		{30E6838F-089E-47B6-9082-4862E131A55B}.Release|Any CPU.ActiveCfg = Release|Any CPU
		{30E6838F-089E-47B6-9082-4862E131A55B}.Release|Any CPU.Build.0 = Release|Any CPU
		{30E6838F-089E-47B6-9082-4862E131A55B}.Release|x64.ActiveCfg = Release|x64
		{30E6838F-089E-47B6-9082-4862E131A55B}.Release|x64.Build.0 = Release|x64
		{DF23BD1F-FD3D-4BC2-9053-B42B5EED2121}.Debug|Any CPU.ActiveCfg = Debug|Any CPU
		{DF23BD1F-FD3D-4BC2-9053-B42B5EED2121}.Debug|Any CPU.Build.0 = Debug|Any CPU
		{DF23BD1F-FD3D-4BC2-9053-B42B5EED2121}.Debug|x64.ActiveCfg = Debug|x64
		{DF23BD1F-FD3D-4BC2-9053-B42B5EED2121}.Debug|x64.Build.0 = Debug|x64
		{DF23BD1F-FD3D-4BC2-9053-B42B5EED2121}.Debug2|Any CPU.ActiveCfg = Debug2|Any CPU
		{DF23BD1F-FD3D-4BC2-9053-B42B5EED2121}.Debug2|Any CPU.Build.0 = Debug2|Any CPU
		{DF23BD1F-FD3D-4BC2-9053-B42B5EED2121}.Debug2|x64.ActiveCfg = Debug2|x64
		{DF23BD1F-FD3D-4BC2-9053-B42B5EED2121}.Debug2|x64.Build.0 = Debug2|x64
		{DF23BD1F-FD3D-4BC2-9053-B42B5EED2121}.Release|Any CPU.ActiveCfg = Release|Any CPU
		{DF23BD1F-FD3D-4BC2-9053-B42B5EED2121}.Release|Any CPU.Build.0 = Release|Any CPU
		{DF23BD1F-FD3D-4BC2-9053-B42B5EED2121}.Release|x64.ActiveCfg = Release|x64
		{DF23BD1F-FD3D-4BC2-9053-B42B5EED2121}.Release|x64.Build.0 = Release|x64
		{3690C214-5AFF-4B49-BB46-0AB58EE3BBF1}.Debug|Any CPU.ActiveCfg = Debug|Any CPU
		{3690C214-5AFF-4B49-BB46-0AB58EE3BBF1}.Debug|Any CPU.Build.0 = Debug|Any CPU
		{3690C214-5AFF-4B49-BB46-0AB58EE3BBF1}.Debug|x64.ActiveCfg = Debug|x64
		{3690C214-5AFF-4B49-BB46-0AB58EE3BBF1}.Debug|x64.Build.0 = Debug|x64
		{3690C214-5AFF-4B49-BB46-0AB58EE3BBF1}.Debug2|Any CPU.ActiveCfg = Debug2|Any CPU
		{3690C214-5AFF-4B49-BB46-0AB58EE3BBF1}.Debug2|Any CPU.Build.0 = Debug2|Any CPU
		{3690C214-5AFF-4B49-BB46-0AB58EE3BBF1}.Debug2|x64.ActiveCfg = Debug2|x64
		{3690C214-5AFF-4B49-BB46-0AB58EE3BBF1}.Debug2|x64.Build.0 = Debug2|x64
		{3690C214-5AFF-4B49-BB46-0AB58EE3BBF1}.Release|Any CPU.ActiveCfg = Release|Any CPU
		{3690C214-5AFF-4B49-BB46-0AB58EE3BBF1}.Release|Any CPU.Build.0 = Release|Any CPU
		{3690C214-5AFF-4B49-BB46-0AB58EE3BBF1}.Release|x64.ActiveCfg = Release|x64
		{3690C214-5AFF-4B49-BB46-0AB58EE3BBF1}.Release|x64.Build.0 = Release|x64
		{2AC7EB2A-E9F2-4F49-91B7-0EF42829260C}.Debug|Any CPU.ActiveCfg = Debug|Any CPU
		{2AC7EB2A-E9F2-4F49-91B7-0EF42829260C}.Debug|Any CPU.Build.0 = Debug|Any CPU
		{2AC7EB2A-E9F2-4F49-91B7-0EF42829260C}.Debug|x64.ActiveCfg = Debug|x64
		{2AC7EB2A-E9F2-4F49-91B7-0EF42829260C}.Debug|x64.Build.0 = Debug|x64
		{2AC7EB2A-E9F2-4F49-91B7-0EF42829260C}.Debug2|Any CPU.ActiveCfg = Debug|Any CPU
		{2AC7EB2A-E9F2-4F49-91B7-0EF42829260C}.Debug2|Any CPU.Build.0 = Debug|Any CPU
		{2AC7EB2A-E9F2-4F49-91B7-0EF42829260C}.Debug2|x64.ActiveCfg = Debug|Any CPU
		{2AC7EB2A-E9F2-4F49-91B7-0EF42829260C}.Debug2|x64.Build.0 = Debug|Any CPU
		{2AC7EB2A-E9F2-4F49-91B7-0EF42829260C}.Release|Any CPU.ActiveCfg = Release|Any CPU
		{2AC7EB2A-E9F2-4F49-91B7-0EF42829260C}.Release|Any CPU.Build.0 = Release|Any CPU
		{2AC7EB2A-E9F2-4F49-91B7-0EF42829260C}.Release|x64.ActiveCfg = Release|Any CPU
		{2AC7EB2A-E9F2-4F49-91B7-0EF42829260C}.Release|x64.Build.0 = Release|Any CPU
		{3E52F9DC-B498-451A-AA7B-07C40E01FD1D}.Debug|Any CPU.ActiveCfg = Debug|Any CPU
		{3E52F9DC-B498-451A-AA7B-07C40E01FD1D}.Debug|Any CPU.Build.0 = Debug|Any CPU
		{3E52F9DC-B498-451A-AA7B-07C40E01FD1D}.Debug|x64.ActiveCfg = Debug|x64
		{3E52F9DC-B498-451A-AA7B-07C40E01FD1D}.Debug|x64.Build.0 = Debug|x64
		{3E52F9DC-B498-451A-AA7B-07C40E01FD1D}.Debug2|Any CPU.ActiveCfg = Debug|Any CPU
		{3E52F9DC-B498-451A-AA7B-07C40E01FD1D}.Debug2|Any CPU.Build.0 = Debug|Any CPU
		{3E52F9DC-B498-451A-AA7B-07C40E01FD1D}.Debug2|x64.ActiveCfg = Debug|Any CPU
		{3E52F9DC-B498-451A-AA7B-07C40E01FD1D}.Debug2|x64.Build.0 = Debug|Any CPU
		{3E52F9DC-B498-451A-AA7B-07C40E01FD1D}.Release|Any CPU.ActiveCfg = Release|Any CPU
		{3E52F9DC-B498-451A-AA7B-07C40E01FD1D}.Release|Any CPU.Build.0 = Release|Any CPU
		{3E52F9DC-B498-451A-AA7B-07C40E01FD1D}.Release|x64.ActiveCfg = Release|Any CPU
		{3E52F9DC-B498-451A-AA7B-07C40E01FD1D}.Release|x64.Build.0 = Release|Any CPU
		{23F83390-C269-44D1-BD7B-F34AC69190B3}.Debug|Any CPU.ActiveCfg = Debug|Any CPU
		{23F83390-C269-44D1-BD7B-F34AC69190B3}.Debug|Any CPU.Build.0 = Debug|Any CPU
		{23F83390-C269-44D1-BD7B-F34AC69190B3}.Debug|x64.ActiveCfg = Debug|x64
		{23F83390-C269-44D1-BD7B-F34AC69190B3}.Debug|x64.Build.0 = Debug|x64
		{23F83390-C269-44D1-BD7B-F34AC69190B3}.Debug2|Any CPU.ActiveCfg = Debug|Any CPU
		{23F83390-C269-44D1-BD7B-F34AC69190B3}.Debug2|Any CPU.Build.0 = Debug|Any CPU
		{23F83390-C269-44D1-BD7B-F34AC69190B3}.Debug2|x64.ActiveCfg = Debug|Any CPU
		{23F83390-C269-44D1-BD7B-F34AC69190B3}.Debug2|x64.Build.0 = Debug|Any CPU
		{23F83390-C269-44D1-BD7B-F34AC69190B3}.Release|Any CPU.ActiveCfg = Release|Any CPU
		{23F83390-C269-44D1-BD7B-F34AC69190B3}.Release|Any CPU.Build.0 = Release|Any CPU
		{23F83390-C269-44D1-BD7B-F34AC69190B3}.Release|x64.ActiveCfg = Release|Any CPU
		{23F83390-C269-44D1-BD7B-F34AC69190B3}.Release|x64.Build.0 = Release|Any CPU
		{7A147D13-D63D-4670-BF37-4736F2E10ADC}.Debug|Any CPU.ActiveCfg = Debug|Any CPU
		{7A147D13-D63D-4670-BF37-4736F2E10ADC}.Debug|Any CPU.Build.0 = Debug|Any CPU
		{7A147D13-D63D-4670-BF37-4736F2E10ADC}.Debug|x64.ActiveCfg = Debug|x64
		{7A147D13-D63D-4670-BF37-4736F2E10ADC}.Debug|x64.Build.0 = Debug|x64
		{7A147D13-D63D-4670-BF37-4736F2E10ADC}.Debug2|Any CPU.ActiveCfg = Debug2|Any CPU
		{7A147D13-D63D-4670-BF37-4736F2E10ADC}.Debug2|Any CPU.Build.0 = Debug2|Any CPU
		{7A147D13-D63D-4670-BF37-4736F2E10ADC}.Debug2|x64.ActiveCfg = Debug2|x64
		{7A147D13-D63D-4670-BF37-4736F2E10ADC}.Debug2|x64.Build.0 = Debug2|x64
		{7A147D13-D63D-4670-BF37-4736F2E10ADC}.Release|Any CPU.ActiveCfg = Release|Any CPU
		{7A147D13-D63D-4670-BF37-4736F2E10ADC}.Release|Any CPU.Build.0 = Release|Any CPU
		{7A147D13-D63D-4670-BF37-4736F2E10ADC}.Release|x64.ActiveCfg = Release|x64
		{7A147D13-D63D-4670-BF37-4736F2E10ADC}.Release|x64.Build.0 = Release|x64
	EndGlobalSection
	GlobalSection(SolutionProperties) = preSolution
		HideSolutionNode = FALSE
	EndGlobalSection
	GlobalSection(ExtensibilityGlobals) = postSolution
		SolutionGuid = {A60A7882-2D1C-40B1-8960-50BBC9F09C6F}
	EndGlobalSection
EndGlobal
